
Microsoft Visual Studio Solution File, Format Version 12.00
Project("{FAE04EC0-301F-11D3-BF4B-00C04F79EFBC}") = "Flowsy.DependencyInjection", "Flowsy.DependencyInjection\Flowsy.DependencyInjection.csproj", "{D6F95CB8-C3F8-4171-9BB9-8333E06BABD1}"
EndProject
Project("{2150E333-8FDC-42A3-9474-1A3956D46DE8}") = "Global", "Global", "{843F9C41-D461-45E8-A3DE-6E0BCA2D8970}"
	ProjectSection(SolutionItems) = preProject
		publish.sh = publish.sh
		README.md = README.md
	EndProjectSection
EndProject
Global
	GlobalSection(SolutionConfigurationPlatforms) = preSolution
		Debug|Any CPU = Debug|Any CPU
		Release|Any CPU = Release|Any CPU
	EndGlobalSection
	GlobalSection(ProjectConfigurationPlatforms) = postSolution
		{D6F95CB8-C3F8-4171-9BB9-8333E06BABD1}.Debug|Any CPU.ActiveCfg = Debug|Any CPU
		{D6F95CB8-C3F8-4171-9BB9-8333E06BABD1}.Debug|Any CPU.Build.0 = Debug|Any CPU
		{D6F95CB8-C3F8-4171-9BB9-8333E06BABD1}.Release|Any CPU.ActiveCfg = Release|Any CPU
		{D6F95CB8-C3F8-4171-9BB9-8333E06BABD1}.Release|Any CPU.Build.0 = Release|Any CPU
	EndGlobalSection
EndGlobal
